
Microsoft Visual Studio Solution File, Format Version 12.00
# Visual Studio 15
VisualStudioVersion = 15.0.27130.2026
MinimumVisualStudioVersion = 10.0.40219.1
Project("{FAE04EC0-301F-11D3-BF4B-00C04F79EFBC}") = "ModernStore.Domain", "ModernStore.Domain\ModernStore.Domain.csproj", "{214A235A-4A87-4C9B-9521-C3EF0234D3BA}"
EndProject
Project("{9A19103F-16F7-4668-BE54-9A1E7A4F7556}") = "ModernStore.Shared", "ModernStore.Shared\ModernStore.Shared.csproj", "{C226D61D-E54D-493B-833F-DAA2844D240D}"
EndProject
Project("{FAE04EC0-301F-11D3-BF4B-00C04F79EFBC}") = "ModernStore.Domain.Tests", "ModernStore.Domain.Tests\ModernStore.Domain.Tests.csproj", "{4FBF4B0B-9715-4932-BF3F-358F446176BF}"
EndProject
Project("{FAE04EC0-301F-11D3-BF4B-00C04F79EFBC}") = "ModernStore.Infra", "ModernStore.Infra\ModernStore.Infra.csproj", "{5D06DA23-5D71-4A54-ACFD-0998DB1F37BB}"
EndProject
Project("{2150E333-8FDC-42A3-9474-1A3956D46DE8}") = "1 - API", "1 - API", "{7D9A808A-B951-4F11-90BF-0481612D3ACB}"
EndProject
Project("{2150E333-8FDC-42A3-9474-1A3956D46DE8}") = "2 - Domain", "2 - Domain", "{7D597247-61A3-480D-872B-888AD0FEBC6C}"
EndProject
Project("{2150E333-8FDC-42A3-9474-1A3956D46DE8}") = "3 - Infra", "3 - Infra", "{33810985-D6F5-40E5-AF5C-0B95D0CE6CA9}"
EndProject
Project("{00D1A9C2-B5F0-4AF3-8072-F6C62B433612}") = "ModernStore.Database", "ModernStore.Database\ModernStore.Database.sqlproj", "{7B758998-B9C0-48E4-9215-D1A00E86C71D}"
EndProject
Project("{FAE04EC0-301F-11D3-BF4B-00C04F79EFBC}") = "ModernStore.Api", "ModernStore.Api\ModernStore.Api.csproj", "{94C5E583-46FA-404F-8B81-4482C29E5531}"
EndProject
Global
	GlobalSection(SolutionConfigurationPlatforms) = preSolution
		Debug|Any CPU = Debug|Any CPU
		Release|Any CPU = Release|Any CPU
	EndGlobalSection
	GlobalSection(ProjectConfigurationPlatforms) = postSolution
		{214A235A-4A87-4C9B-9521-C3EF0234D3BA}.Debug|Any CPU.ActiveCfg = Debug|Any CPU
		{214A235A-4A87-4C9B-9521-C3EF0234D3BA}.Debug|Any CPU.Build.0 = Debug|Any CPU
		{214A235A-4A87-4C9B-9521-C3EF0234D3BA}.Release|Any CPU.ActiveCfg = Release|Any CPU
		{214A235A-4A87-4C9B-9521-C3EF0234D3BA}.Release|Any CPU.Build.0 = Release|Any CPU
		{C226D61D-E54D-493B-833F-DAA2844D240D}.Debug|Any CPU.ActiveCfg = Debug|Any CPU
		{C226D61D-E54D-493B-833F-DAA2844D240D}.Debug|Any CPU.Build.0 = Debug|Any CPU
		{C226D61D-E54D-493B-833F-DAA2844D240D}.Release|Any CPU.ActiveCfg = Release|Any CPU
		{C226D61D-E54D-493B-833F-DAA2844D240D}.Release|Any CPU.Build.0 = Release|Any CPU
		{4FBF4B0B-9715-4932-BF3F-358F446176BF}.Debug|Any CPU.ActiveCfg = Debug|Any CPU
		{4FBF4B0B-9715-4932-BF3F-358F446176BF}.Debug|Any CPU.Build.0 = Debug|Any CPU
		{4FBF4B0B-9715-4932-BF3F-358F446176BF}.Release|Any CPU.ActiveCfg = Release|Any CPU
		{4FBF4B0B-9715-4932-BF3F-358F446176BF}.Release|Any CPU.Build.0 = Release|Any CPU
		{5D06DA23-5D71-4A54-ACFD-0998DB1F37BB}.Debug|Any CPU.ActiveCfg = Debug|Any CPU
		{5D06DA23-5D71-4A54-ACFD-0998DB1F37BB}.Debug|Any CPU.Build.0 = Debug|Any CPU
		{5D06DA23-5D71-4A54-ACFD-0998DB1F37BB}.Release|Any CPU.ActiveCfg = Release|Any CPU
		{5D06DA23-5D71-4A54-ACFD-0998DB1F37BB}.Release|Any CPU.Build.0 = Release|Any CPU
		{7B758998-B9C0-48E4-9215-D1A00E86C71D}.Debug|Any CPU.ActiveCfg = Debug|Any CPU
		{7B758998-B9C0-48E4-9215-D1A00E86C71D}.Debug|Any CPU.Build.0 = Debug|Any CPU
		{7B758998-B9C0-48E4-9215-D1A00E86C71D}.Debug|Any CPU.Deploy.0 = Debug|Any CPU
		{7B758998-B9C0-48E4-9215-D1A00E86C71D}.Release|Any CPU.ActiveCfg = Release|Any CPU
		{7B758998-B9C0-48E4-9215-D1A00E86C71D}.Release|Any CPU.Build.0 = Release|Any CPU
		{7B758998-B9C0-48E4-9215-D1A00E86C71D}.Release|Any CPU.Deploy.0 = Release|Any CPU
		{94C5E583-46FA-404F-8B81-4482C29E5531}.Debug|Any CPU.ActiveCfg = Debug|Any CPU
		{94C5E583-46FA-404F-8B81-4482C29E5531}.Debug|Any CPU.Build.0 = Debug|Any CPU
		{94C5E583-46FA-404F-8B81-4482C29E5531}.Release|Any CPU.ActiveCfg = Release|Any CPU
		{94C5E583-46FA-404F-8B81-4482C29E5531}.Release|Any CPU.Build.0 = Release|Any CPU
	EndGlobalSection
	GlobalSection(SolutionProperties) = preSolution
		HideSolutionNode = FALSE
	EndGlobalSection
	GlobalSection(NestedProjects) = preSolution
		{214A235A-4A87-4C9B-9521-C3EF0234D3BA} = {7D597247-61A3-480D-872B-888AD0FEBC6C}
		{C226D61D-E54D-493B-833F-DAA2844D240D} = {7D597247-61A3-480D-872B-888AD0FEBC6C}
		{4FBF4B0B-9715-4932-BF3F-358F446176BF} = {7D597247-61A3-480D-872B-888AD0FEBC6C}
		{5D06DA23-5D71-4A54-ACFD-0998DB1F37BB} = {33810985-D6F5-40E5-AF5C-0B95D0CE6CA9}
		{7B758998-B9C0-48E4-9215-D1A00E86C71D} = {33810985-D6F5-40E5-AF5C-0B95D0CE6CA9}
		{94C5E583-46FA-404F-8B81-4482C29E5531} = {7D9A808A-B951-4F11-90BF-0481612D3ACB}
	EndGlobalSection
	GlobalSection(ExtensibilityGlobals) = postSolution
		SolutionGuid = {F87C5A43-D9A2-4E4F-B661-A5E93647B36C}
	EndGlobalSection
EndGlobal
